// !$*UTF8*$!
{
	archiveVersion = 1;
	classes = {
	};
	objectVersion = 51;
	objects = {

/* Begin PBXBuildFile section */
		5003E37323EBC42F002A9C7C /* Pokemon.swift in Sources */ = {isa = PBXBuildFile; fileRef = 5003E37223EBC42F002A9C7C /* Pokemon.swift */; };
		5003E37523EBC57C002A9C7C /* Constants.swift in Sources */ = {isa = PBXBuildFile; fileRef = 5003E37423EBC57C002A9C7C /* Constants.swift */; };
		50160C9723E94D7D00CB3E07 /* DetailViewController.swift in Sources */ = {isa = PBXBuildFile; fileRef = 50160C9623E94D7D00CB3E07 /* DetailViewController.swift */; };
		50160C9923E9508C00CB3E07 /* UIViewExtension.swift in Sources */ = {isa = PBXBuildFile; fileRef = 50160C9823E9508C00CB3E07 /* UIViewExtension.swift */; };
		501B09D823F04F980006F301 /* HomeView.xib in Resources */ = {isa = PBXBuildFile; fileRef = 501B09D723F04F980006F301 /* HomeView.xib */; };
		501B09DD23F05AF90006F301 /* PokemonTableViewCell.swift in Sources */ = {isa = PBXBuildFile; fileRef = 501B09DB23F05AF90006F301 /* PokemonTableViewCell.swift */; };
		501B09DE23F05AF90006F301 /* PokemonTableViewCell.xib in Resources */ = {isa = PBXBuildFile; fileRef = 501B09DC23F05AF90006F301 /* PokemonTableViewCell.xib */; };
		5071256E23E2E5150054BB3B /* AppDelegate.swift in Sources */ = {isa = PBXBuildFile; fileRef = 5071256D23E2E5150054BB3B /* AppDelegate.swift */; };
		5071257023E2E5150054BB3B /* SceneDelegate.swift in Sources */ = {isa = PBXBuildFile; fileRef = 5071256F23E2E5150054BB3B /* SceneDelegate.swift */; };
		5071257223E2E5150054BB3B /* ViewController.swift in Sources */ = {isa = PBXBuildFile; fileRef = 5071257123E2E5150054BB3B /* ViewController.swift */; };
		5071257523E2E5150054BB3B /* Main.storyboard in Resources */ = {isa = PBXBuildFile; fileRef = 5071257323E2E5150054BB3B /* Main.storyboard */; };
		5071257723E2E5180054BB3B /* Assets.xcassets in Resources */ = {isa = PBXBuildFile; fileRef = 5071257623E2E5180054BB3B /* Assets.xcassets */; };
		5071257A23E2E5180054BB3B /* LaunchScreen.storyboard in Resources */ = {isa = PBXBuildFile; fileRef = 5071257823E2E5180054BB3B /* LaunchScreen.storyboard */; };
		835F7F91C102CD436C737C49 /* Pods_Pokedex.framework in Frameworks */ = {isa = PBXBuildFile; fileRef = B84C43270E3688B5FBADE796 /* Pods_Pokedex.framework */; };
/* End PBXBuildFile section */

/* Begin PBXFileReference section */
		5003E37223EBC42F002A9C7C /* Pokemon.swift */ = {isa = PBXFileReference; lastKnownFileType = sourcecode.swift; path = Pokemon.swift; sourceTree = "<group>"; };
		5003E37423EBC57C002A9C7C /* Constants.swift */ = {isa = PBXFileReference; lastKnownFileType = sourcecode.swift; path = Constants.swift; sourceTree = "<group>"; };
		50160C9623E94D7D00CB3E07 /* DetailViewController.swift */ = {isa = PBXFileReference; lastKnownFileType = sourcecode.swift; path = DetailViewController.swift; sourceTree = "<group>"; };
		50160C9823E9508C00CB3E07 /* UIViewExtension.swift */ = {isa = PBXFileReference; lastKnownFileType = sourcecode.swift; path = UIViewExtension.swift; sourceTree = SOURCE_ROOT; };
		501B09D723F04F980006F301 /* HomeView.xib */ = {isa = PBXFileReference; lastKnownFileType = file.xib; path = HomeView.xib; sourceTree = "<group>"; };
		501B09DB23F05AF90006F301 /* PokemonTableViewCell.swift */ = {isa = PBXFileReference; lastKnownFileType = sourcecode.swift; path = PokemonTableViewCell.swift; sourceTree = "<group>"; };
		501B09DC23F05AF90006F301 /* PokemonTableViewCell.xib */ = {isa = PBXFileReference; lastKnownFileType = file.xib; path = PokemonTableViewCell.xib; sourceTree = "<group>"; };
		5071256A23E2E5150054BB3B /* Pokedex.app */ = {isa = PBXFileReference; explicitFileType = wrapper.application; includeInIndex = 0; path = Pokedex.app; sourceTree = BUILT_PRODUCTS_DIR; };
		5071256D23E2E5150054BB3B /* AppDelegate.swift */ = {isa = PBXFileReference; lastKnownFileType = sourcecode.swift; path = AppDelegate.swift; sourceTree = "<group>"; };
		5071256F23E2E5150054BB3B /* SceneDelegate.swift */ = {isa = PBXFileReference; lastKnownFileType = sourcecode.swift; path = SceneDelegate.swift; sourceTree = "<group>"; };
		5071257123E2E5150054BB3B /* ViewController.swift */ = {isa = PBXFileReference; lastKnownFileType = sourcecode.swift; path = ViewController.swift; sourceTree = "<group>"; };
		5071257423E2E5150054BB3B /* Base */ = {isa = PBXFileReference; lastKnownFileType = file.storyboard; name = Base; path = Base.lproj/Main.storyboard; sourceTree = "<group>"; };
		5071257623E2E5180054BB3B /* Assets.xcassets */ = {isa = PBXFileReference; lastKnownFileType = folder.assetcatalog; path = Assets.xcassets; sourceTree = "<group>"; };
		5071257923E2E5180054BB3B /* Base */ = {isa = PBXFileReference; lastKnownFileType = file.storyboard; name = Base; path = Base.lproj/LaunchScreen.storyboard; sourceTree = "<group>"; };
		5071257B23E2E5180054BB3B /* Info.plist */ = {isa = PBXFileReference; lastKnownFileType = text.plist.xml; path = Info.plist; sourceTree = "<group>"; };
		B07F19FB669740AF84A5497F /* Pods-Pokedex.debug.xcconfig */ = {isa = PBXFileReference; includeInIndex = 1; lastKnownFileType = text.xcconfig; name = "Pods-Pokedex.debug.xcconfig"; path = "Target Support Files/Pods-Pokedex/Pods-Pokedex.debug.xcconfig"; sourceTree = "<group>"; };
		B84C43270E3688B5FBADE796 /* Pods_Pokedex.framework */ = {isa = PBXFileReference; explicitFileType = wrapper.framework; includeInIndex = 0; path = Pods_Pokedex.framework; sourceTree = BUILT_PRODUCTS_DIR; };
		B902F657E35CDF914F3F35C1 /* Pods-Pokedex.release.xcconfig */ = {isa = PBXFileReference; includeInIndex = 1; lastKnownFileType = text.xcconfig; name = "Pods-Pokedex.release.xcconfig"; path = "Target Support Files/Pods-Pokedex/Pods-Pokedex.release.xcconfig"; sourceTree = "<group>"; };
/* End PBXFileReference section */

/* Begin PBXFrameworksBuildPhase section */
		5071256723E2E5150054BB3B /* Frameworks */ = {
			isa = PBXFrameworksBuildPhase;
			buildActionMask = 2147483647;
			files = (
				835F7F91C102CD436C737C49 /* Pods_Pokedex.framework in Frameworks */,
			);
			runOnlyForDeploymentPostprocessing = 0;
		};
/* End PBXFrameworksBuildPhase section */

/* Begin PBXGroup section */
		5071256123E2E5150054BB3B = {
			isa = PBXGroup;
			children = (
				5071256C23E2E5150054BB3B /* Pokedex */,
				5071256B23E2E5150054BB3B /* Products */,
				5725129AF7374B350E349AFC /* Pods */,
				72D0131B324A8DF9D785086C /* Frameworks */,
			);
			sourceTree = "<group>";
		};
		5071256B23E2E5150054BB3B /* Products */ = {
			isa = PBXGroup;
			children = (
				5071256A23E2E5150054BB3B /* Pokedex.app */,
			);
			name = Products;
			sourceTree = "<group>";
		};
		5071256C23E2E5150054BB3B /* Pokedex */ = {
			isa = PBXGroup;
			children = (
				501B09DB23F05AF90006F301 /* PokemonTableViewCell.swift */,
				501B09DC23F05AF90006F301 /* PokemonTableViewCell.xib */,
				5071256D23E2E5150054BB3B /* AppDelegate.swift */,
				5071257623E2E5180054BB3B /* Assets.xcassets */,
				50160C9623E94D7D00CB3E07 /* DetailViewController.swift */,
				5071257B23E2E5180054BB3B /* Info.plist */,
				5071257823E2E5180054BB3B /* LaunchScreen.storyboard */,
				5071257323E2E5150054BB3B /* Main.storyboard */,
				5003E37223EBC42F002A9C7C /* Pokemon.swift */,
				5003E37423EBC57C002A9C7C /* Constants.swift */,
				5071256F23E2E5150054BB3B /* SceneDelegate.swift */,
				50160C9823E9508C00CB3E07 /* UIViewExtension.swift */,
				5071257123E2E5150054BB3B /* ViewController.swift */,
				501B09D723F04F980006F301 /* HomeView.xib */,
			);
			path = Pokedex;
			sourceTree = "<group>";
		};
		5725129AF7374B350E349AFC /* Pods */ = {
			isa = PBXGroup;
			children = (
				B07F19FB669740AF84A5497F /* Pods-Pokedex.debug.xcconfig */,
				B902F657E35CDF914F3F35C1 /* Pods-Pokedex.release.xcconfig */,
			);
			path = Pods;
			sourceTree = "<group>";
		};
		72D0131B324A8DF9D785086C /* Frameworks */ = {
			isa = PBXGroup;
			children = (
				B84C43270E3688B5FBADE796 /* Pods_Pokedex.framework */,
			);
			name = Frameworks;
			sourceTree = "<group>";
		};
/* End PBXGroup section */

/* Begin PBXNativeTarget section */
		5071256923E2E5150054BB3B /* Pokedex */ = {
			isa = PBXNativeTarget;
			buildConfigurationList = 5071257E23E2E5180054BB3B /* Build configuration list for PBXNativeTarget "Pokedex" */;
			buildPhases = (
				8F430A075B59B87B21514621 /* [CP] Check Pods Manifest.lock */,
				5071256623E2E5150054BB3B /* Sources */,
				5071256723E2E5150054BB3B /* Frameworks */,
				5071256823E2E5150054BB3B /* Resources */,
				15D7C2A3D88FC26B84E71BB3 /* [CP] Embed Pods Frameworks */,
			);
			buildRules = (
			);
			dependencies = (
			);
			name = Pokedex;
			productName = Pokedex;
			productReference = 5071256A23E2E5150054BB3B /* Pokedex.app */;
			productType = "com.apple.product-type.application";
		};
/* End PBXNativeTarget section */

/* Begin PBXProject section */
		5071256223E2E5150054BB3B /* Project object */ = {
			isa = PBXProject;
			attributes = {
				LastSwiftUpdateCheck = 1130;
				LastUpgradeCheck = 1130;
				TargetAttributes = {
					5071256923E2E5150054BB3B = {
						CreatedOnToolsVersion = 11.3;
					};
				};
			};
			buildConfigurationList = 5071256523E2E5150054BB3B /* Build configuration list for PBXProject "Pokedex" */;
			compatibilityVersion = "Xcode 9.3";
			developmentRegion = en;
			hasScannedForEncodings = 0;
			knownRegions = (
				en,
				Base,
			);
			mainGroup = 5071256123E2E5150054BB3B;
			productRefGroup = 5071256B23E2E5150054BB3B /* Products */;
			projectDirPath = "";
			projectRoot = "";
			targets = (
				5071256923E2E5150054BB3B /* Pokedex */,
			);
		};
/* End PBXProject section */

/* Begin PBXResourcesBuildPhase section */
		5071256823E2E5150054BB3B /* Resources */ = {
			isa = PBXResourcesBuildPhase;
			buildActionMask = 2147483647;
			files = (
				5071257A23E2E5180054BB3B /* LaunchScreen.storyboard in Resources */,
				501B09DE23F05AF90006F301 /* PokemonTableViewCell.xib in Resources */,
				501B09D823F04F980006F301 /* HomeView.xib in Resources */,
				5071257723E2E5180054BB3B /* Assets.xcassets in Resources */,
				5071257523E2E5150054BB3B /* Main.storyboard in Resources */,
			);
			runOnlyForDeploymentPostprocessing = 0;
		};
/* End PBXResourcesBuildPhase section */

/* Begin PBXShellScriptBuildPhase section */
		15D7C2A3D88FC26B84E71BB3 /* [CP] Embed Pods Frameworks */ = {
			isa = PBXShellScriptBuildPhase;
			buildActionMask = 2147483647;
			files = (
			);
			inputFileListPaths = (
				"${PODS_ROOT}/Target Support Files/Pods-Pokedex/Pods-Pokedex-frameworks-${CONFIGURATION}-input-files.xcfilelist",
			);
			name = "[CP] Embed Pods Frameworks";
			outputFileListPaths = (
				"${PODS_ROOT}/Target Support Files/Pods-Pokedex/Pods-Pokedex-frameworks-${CONFIGURATION}-output-files.xcfilelist",
			);
			runOnlyForDeploymentPostprocessing = 0;
			shellPath = /bin/sh;
			shellScript = "\"${PODS_ROOT}/Target Support Files/Pods-Pokedex/Pods-Pokedex-frameworks.sh\"\n";
			showEnvVarsInLog = 0;
		};
		8F430A075B59B87B21514621 /* [CP] Check Pods Manifest.lock */ = {
			isa = PBXShellScriptBuildPhase;
			buildActionMask = 2147483647;
			files = (
			);
			inputFileListPaths = (
			);
			inputPaths = (
				"${PODS_PODFILE_DIR_PATH}/Podfile.lock",
				"${PODS_ROOT}/Manifest.lock",
			);
			name = "[CP] Check Pods Manifest.lock";
			outputFileListPaths = (
			);
			outputPaths = (
				"$(DERIVED_FILE_DIR)/Pods-Pokedex-checkManifestLockResult.txt",
			);
			runOnlyForDeploymentPostprocessing = 0;
			shellPath = /bin/sh;
			shellScript = "diff \"${PODS_PODFILE_DIR_PATH}/Podfile.lock\" \"${PODS_ROOT}/Manifest.lock\" > /dev/null\nif [ $? != 0 ] ; then\n    # print error to STDERR\n    echo \"error: The sandbox is not in sync with the Podfile.lock. Run 'pod install' or update your CocoaPods installation.\" >&2\n    exit 1\nfi\n# This output is used by Xcode 'outputs' to avoid re-running this script phase.\necho \"SUCCESS\" > \"${SCRIPT_OUTPUT_FILE_0}\"\n";
			showEnvVarsInLog = 0;
		};
/* End PBXShellScriptBuildPhase section */

/* Begin PBXSourcesBuildPhase section */
		5071256623E2E5150054BB3B /* Sources */ = {
			isa = PBXSourcesBuildPhase;
			buildActionMask = 2147483647;
			files = (
				501B09DD23F05AF90006F301 /* PokemonTableViewCell.swift in Sources */,
				5003E37323EBC42F002A9C7C /* Pokemon.swift in Sources */,
				5071257223E2E5150054BB3B /* ViewController.swift in Sources */,
				50160C9923E9508C00CB3E07 /* UIViewExtension.swift in Sources */,
				5071256E23E2E5150054BB3B /* AppDelegate.swift in Sources */,
				5071257023E2E5150054BB3B /* SceneDelegate.swift in Sources */,
				50160C9723E94D7D00CB3E07 /* DetailViewController.swift in Sources */,
				5003E37523EBC57C002A9C7C /* Constants.swift in Sources */,
			);
			runOnlyForDeploymentPostprocessing = 0;
		};
/* End PBXSourcesBuildPhase section */

/* Begin PBXVariantGroup section */
		5071257323E2E5150054BB3B /* Main.storyboard */ = {
			isa = PBXVariantGroup;
			children = (
				5071257423E2E5150054BB3B /* Base */,
			);
			name = Main.storyboard;
			sourceTree = "<group>";
		};
		5071257823E2E5180054BB3B /* LaunchScreen.storyboard */ = {
			isa = PBXVariantGroup;
			children = (
				5071257923E2E5180054BB3B /* Base */,
			);
			name = LaunchScreen.storyboard;
			sourceTree = "<group>";
		};
/* End PBXVariantGroup section */

/* Begin XCBuildConfiguration section */
		5071257C23E2E5180054BB3B /* Debug */ = {
			isa = XCBuildConfiguration;
			buildSettings = {
				ALWAYS_SEARCH_USER_PATHS = NO;
				CLANG_ANALYZER_NONNULL = YES;
				CLANG_ANALYZER_NUMBER_OBJECT_CONVERSION = YES_AGGRESSIVE;
				CLANG_CXX_LANGUAGE_STANDARD = "gnu++14";
				CLANG_CXX_LIBRARY = "libc++";
				CLANG_ENABLE_MODULES = YES;
				CLANG_ENABLE_OBJC_ARC = YES;
				CLANG_ENABLE_OBJC_WEAK = YES;
				CLANG_WARN_BLOCK_CAPTURE_AUTORELEASING = YES;
				CLANG_WARN_BOOL_CONVERSION = YES;
				CLANG_WARN_COMMA = YES;
				CLANG_WARN_CONSTANT_CONVERSION = YES;
				CLANG_WARN_DEPRECATED_OBJC_IMPLEMENTATIONS = YES;
				CLANG_WARN_DIRECT_OBJC_ISA_USAGE = YES_ERROR;
				CLANG_WARN_DOCUMENTATION_COMMENTS = YES;
				CLANG_WARN_EMPTY_BODY = YES;
				CLANG_WARN_ENUM_CONVERSION = YES;
				CLANG_WARN_INFINITE_RECURSION = YES;
				CLANG_WARN_INT_CONVERSION = YES;
				CLANG_WARN_NON_LITERAL_NULL_CONVERSION = YES;
				CLANG_WARN_OBJC_IMPLICIT_RETAIN_SELF = YES;
				CLANG_WARN_OBJC_LITERAL_CONVERSION = YES;
				CLANG_WARN_OBJC_ROOT_CLASS = YES_ERROR;
				CLANG_WARN_RANGE_LOOP_ANALYSIS = YES;
				CLANG_WARN_STRICT_PROTOTYPES = YES;
				CLANG_WARN_SUSPICIOUS_MOVE = YES;
				CLANG_WARN_UNGUARDED_AVAILABILITY = YES_AGGRESSIVE;
				CLANG_WARN_UNREACHABLE_CODE = YES;
				CLANG_WARN__DUPLICATE_METHOD_MATCH = YES;
				COPY_PHASE_STRIP = NO;
				DEBUG_INFORMATION_FORMAT = dwarf;
				ENABLE_STRICT_OBJC_MSGSEND = YES;
				ENABLE_TESTABILITY = YES;
				GCC_C_LANGUAGE_STANDARD = gnu11;
				GCC_DYNAMIC_NO_PIC = NO;
				GCC_NO_COMMON_BLOCKS = YES;
				GCC_OPTIMIZATION_LEVEL = 0;
				GCC_PREPROCESSOR_DEFINITIONS = (
					"DEBUG=1",
					"$(inherited)",
				);
				GCC_WARN_64_TO_32_BIT_CONVERSION = YES;
				GCC_WARN_ABOUT_RETURN_TYPE = YES_ERROR;
				GCC_WARN_UNDECLARED_SELECTOR = YES;
				GCC_WARN_UNINITIALIZED_AUTOS = YES_AGGRESSIVE;
				GCC_WARN_UNUSED_FUNCTION = YES;
				GCC_WARN_UNUSED_VARIABLE = YES;
				IPHONEOS_DEPLOYMENT_TARGET = 13.2;
				MTL_ENABLE_DEBUG_INFO = INCLUDE_SOURCE;
				MTL_FAST_MATH = YES;
				ONLY_ACTIVE_ARCH = YES;
				SDKROOT = iphoneos;
				SWIFT_ACTIVE_COMPILATION_CONDITIONS = DEBUG;
				SWIFT_OPTIMIZATION_LEVEL = "-Onone";
			};
			name = Debug;
		};
		5071257D23E2E5180054BB3B /* Release */ = {
			isa = XCBuildConfiguration;
			buildSettings = {
				ALWAYS_SEARCH_USER_PATHS = NO;
				CLANG_ANALYZER_NONNULL = YES;
				CLANG_ANALYZER_NUMBER_OBJECT_CONVERSION = YES_AGGRESSIVE;
				CLANG_CXX_LANGUAGE_STANDARD = "gnu++14";
				CLANG_CXX_LIBRARY = "libc++";
				CLANG_ENABLE_MODULES = YES;
				CLANG_ENABLE_OBJC_ARC = YES;
				CLANG_ENABLE_OBJC_WEAK = YES;
				CLANG_WARN_BLOCK_CAPTURE_AUTORELEASING = YES;
				CLANG_WARN_BOOL_CONVERSION = YES;
				CLANG_WARN_COMMA = YES;
				CLANG_WARN_CONSTANT_CONVERSION = YES;
				CLANG_WARN_DEPRECATED_OBJC_IMPLEMENTATIONS = YES;
				CLANG_WARN_DIRECT_OBJC_ISA_USAGE = YES_ERROR;
				CLANG_WARN_DOCUMENTATION_COMMENTS = YES;
				CLANG_WARN_EMPTY_BODY = YES;
				CLANG_WARN_ENUM_CONVERSION = YES;
				CLANG_WARN_INFINITE_RECURSION = YES;
				CLANG_WARN_INT_CONVERSION = YES;
				CLANG_WARN_NON_LITERAL_NULL_CONVERSION = YES;
				CLANG_WARN_OBJC_IMPLICIT_RETAIN_SELF = YES;
				CLANG_WARN_OBJC_LITERAL_CONVERSION = YES;
				CLANG_WARN_OBJC_ROOT_CLASS = YES_ERROR;
				CLANG_WARN_RANGE_LOOP_ANALYSIS = YES;
				CLANG_WARN_STRICT_PROTOTYPES = YES;
				CLANG_WARN_SUSPICIOUS_MOVE = YES;
				CLANG_WARN_UNGUARDED_AVAILABILITY = YES_AGGRESSIVE;
				CLANG_WARN_UNREACHABLE_CODE = YES;
				CLANG_WARN__DUPLICATE_METHOD_MATCH = YES;
				COPY_PHASE_STRIP = NO;
				DEBUG_INFORMATION_FORMAT = "dwarf-with-dsym";
				ENABLE_NS_ASSERTIONS = NO;
				ENABLE_STRICT_OBJC_MSGSEND = YES;
				GCC_C_LANGUAGE_STANDARD = gnu11;
				GCC_NO_COMMON_BLOCKS = YES;
				GCC_WARN_64_TO_32_BIT_CONVERSION = YES;
				GCC_WARN_ABOUT_RETURN_TYPE = YES_ERROR;
				GCC_WARN_UNDECLARED_SELECTOR = YES;
				GCC_WARN_UNINITIALIZED_AUTOS = YES_AGGRESSIVE;
				GCC_WARN_UNUSED_FUNCTION = YES;
				GCC_WARN_UNUSED_VARIABLE = YES;
				IPHONEOS_DEPLOYMENT_TARGET = 13.2;
				MTL_ENABLE_DEBUG_INFO = NO;
				MTL_FAST_MATH = YES;
				SDKROOT = iphoneos;
				SWIFT_COMPILATION_MODE = wholemodule;
				SWIFT_OPTIMIZATION_LEVEL = "-O";
				VALIDATE_PRODUCT = YES;
			};
			name = Release;
		};
		5071257F23E2E5180054BB3B /* Debug */ = {
			isa = XCBuildConfiguration;
			baseConfigurationReference = B07F19FB669740AF84A5497F /* Pods-Pokedex.debug.xcconfig */;
			buildSettings = {
				ASSETCATALOG_COMPILER_APPICON_NAME = AppIcon;
				CODE_SIGN_STYLE = Automatic;
				INFOPLIST_FILE = Pokedex/Info.plist;
				LD_RUNPATH_SEARCH_PATHS = (
					"$(inherited)",
					"@executable_path/Frameworks",
				);
				PRODUCT_BUNDLE_IDENTIFIER = id.uripyogantara.Pokedex;
				PRODUCT_NAME = "$(TARGET_NAME)";
				SWIFT_VERSION = 5.0;
				TARGETED_DEVICE_FAMILY = "1,2";
			};
			name = Debug;
		};
		5071258023E2E5180054BB3B /* Release */ = {
			isa = XCBuildConfiguration;
			baseConfigurationReference = B902F657E35CDF914F3F35C1 /* Pods-Pokedex.release.xcconfig */;
			buildSettings = {
				ASSETCATALOG_COMPILER_APPICON_NAME = AppIcon;
				CODE_SIGN_STYLE = Automatic;
				INFOPLIST_FILE = Pokedex/Info.plist;
				LD_RUNPATH_SEARCH_PATHS = (
					"$(inherited)",
					"@executable_path/Frameworks",
				);
				PRODUCT_BUNDLE_IDENTIFIER = id.uripyogantara.Pokedex;
				PRODUCT_NAME = "$(TARGET_NAME)";
				SWIFT_VERSION = 5.0;
				TARGETED_DEVICE_FAMILY = "1,2";
			};
			name = Release;
		};
/* End XCBuildConfiguration section */

/* Begin XCConfigurationList section */
		5071256523E2E5150054BB3B /* Build configuration list for PBXProject "Pokedex" */ = {
			isa = XCConfigurationList;
			buildConfigurations = (
				5071257C23E2E5180054BB3B /* Debug */,
				5071257D23E2E5180054BB3B /* Release */,
			);
			defaultConfigurationIsVisible = 0;
			defaultConfigurationName = Release;
		};
		5071257E23E2E5180054BB3B /* Build configuration list for PBXNativeTarget "Pokedex" */ = {
			isa = XCConfigurationList;
			buildConfigurations = (
				5071257F23E2E5180054BB3B /* Debug */,
				5071258023E2E5180054BB3B /* Release */,
			);
			defaultConfigurationIsVisible = 0;
			defaultConfigurationName = Release;
		};
/* End XCConfigurationList section */
	};
	rootObject = 5071256223E2E5150054BB3B /* Project object */;
}
